PATH
  remote: .
  specs:
    cerbos (0.12.0)
      concurrent-ruby (~> 1.2)
      google-protobuf (>= 3.21.12, < 5.0)
      grpc (~> 1.52)

GEM
  remote: https://rubygems.org/
  specs:
    ast (2.4.3)
    base64 (0.3.0)
    bigdecimal (4.0.1)
    coderay (1.1.3)
    commonmarker (0.23.12)
    concurrent-ruby (1.3.6)
    diff-lcs (1.6.2)
    dotenv (3.2.0)
    google-protobuf (4.33.2-arm64-darwin)
      bigdecimal
      rake (>= 13)
    google-protobuf (4.33.2-x86_64-linux-gnu)
      bigdecimal
      rake (>= 13)
    googleapis-common-protos-types (1.22.0)
      google-protobuf (~> 4.26)
    grpc (1.76.0-arm64-darwin)
      google-protobuf (>= 3.25, < 5.0)
      googleapis-common-protos-types (~> 1.0)
    grpc (1.76.0-x86_64-linux-gnu)
      google-protobuf (>= 3.25, < 5.0)
      googleapis-common-protos-types (~> 1.0)
    io-console (0.8.2)
    json (2.18.0)
    jwt (3.1.2)
      base64
    language_server-protocol (3.17.0.5)
    lint_roller (1.1.0)
    method_source (1.1.0)
    openssl (4.0.0)
    parallel (1.27.0)
    parser (3.3.10.0)
      ast (~> 2.4.1)
      racc
    prism (1.7.0)
    pry (0.16.0)
      coderay (~> 1.1)
      method_source (~> 1.0)
      reline (>= 0.6.0)
    racc (1.8.1)
    rainbow (3.1.1)
    rake (13.3.1)
    regexp_parser (2.11.3)
    reline (0.6.3)
      io-console (~> 0.5)
    rspec (3.13.2)
      rspec-core (~> 3.13.0)
      rspec-expectations (~> 3.13.0)
      rspec-mocks (~> 3.13.0)
    rspec-core (3.13.6)
      rspec-support (~> 3.13.0)
    rspec-expectations (3.13.5)
      diff-lcs (>= 1.2.0, < 2.0)
      rspec-support (~> 3.13.0)
    rspec-mocks (3.13.7)
      diff-lcs (>= 1.2.0, < 2.0)
      rspec-support (~> 3.13.0)
    rspec-support (3.13.6)
    rubocop (1.81.7)
      json (~> 2.3)
      language_server-protocol (~> 3.17.0.2)
      lint_roller (~> 1.1.0)
      parallel (~> 1.10)
      parser (>= 3.3.0.2)
      rainbow (>= 2.2.2, < 4.0)
      regexp_parser (>= 2.9.3, < 3.0)
      rubocop-ast (>= 1.47.1, < 2.0)
      ruby-progressbar (~> 1.7)
      unicode-display_width (>= 2.4.0, < 4.0)
    rubocop-ast (1.49.0)
      parser (>= 3.3.7.2)
      prism (~> 1.7)
    rubocop-performance (1.26.1)
      lint_roller (~> 1.1)
      rubocop (>= 1.75.0, < 2.0)
      rubocop-ast (>= 1.47.1, < 2.0)
    rubocop-rake (0.7.1)
      lint_roller (~> 1.1)
      rubocop (>= 1.72.1)
    rubocop-rspec (3.8.0)
      lint_roller (~> 1.1)
      rubocop (~> 1.81)
    ruby-progressbar (1.13.0)
    rubyzip (3.2.2)
    standard (1.52.0)
      language_server-protocol (~> 3.17.0.2)
      lint_roller (~> 1.0)
      rubocop (~> 1.81.7)
      standard-custom (~> 1.0.0)
      standard-performance (~> 1.8)
    standard-custom (1.0.2)
      lint_roller (~> 1.0)
      rubocop (~> 1.50)
    standard-performance (1.9.0)
      lint_roller (~> 1.1)
      rubocop-performance (~> 1.26.0)
    unicode-display_width (3.2.0)
      unicode-emoji (~> 4.1)
    unicode-emoji (4.2.0)
    webrick (1.9.2)
    yard (0.9.38)

PLATFORMS
  arm64-darwin
  x86_64-linux-gnu

DEPENDENCIES
  cerbos!
  commonmarker (< 1.0)
  dotenv
  jwt
  openssl
  pry
  rake
  reline
  rspec
  rubocop-rake
  rubocop-rspec
  rubyzip
  standard
  webrick
  yard

CHECKSUMS
  ast (2.4.3) sha256=954615157c1d6a382bc27d690d973195e79db7f55e9765ac7c481c60bdb4d383
  base64 (0.3.0) sha256=27337aeabad6ffae05c265c450490628ef3ebd4b67be58257393227588f5a97b
  bigdecimal (4.0.1) sha256=8b07d3d065a9f921c80ceaea7c9d4ae596697295b584c296fe599dd0ad01c4a7
  cerbos (0.12.0)
  coderay (1.1.3) sha256=dc530018a4684512f8f38143cd2a096c9f02a1fc2459edcfe534787a7fc77d4b
  commonmarker (0.23.12) sha256=da2d2f89c7c7b51c42c6e69ace3ab5df39497683f86e83aca7087c671d523ccd
  concurrent-ruby (1.3.6) sha256=6b56837e1e7e5292f9864f34b69c5a2cbc75c0cf5338f1ce9903d10fa762d5ab
  diff-lcs (1.6.2) sha256=9ae0d2cba7d4df3075fe8cd8602a8604993efc0dfa934cff568969efb1909962
  dotenv (3.2.0) sha256=e375b83121ea7ca4ce20f214740076129ab8514cd81378161f11c03853fe619d
  google-protobuf (4.33.2-arm64-darwin) sha256=6d0ac185fed18768e5f16338455b1e4b7c38a97fc46f352e709f7a3007b64e1d
  google-protobuf (4.33.2-x86_64-linux-gnu) sha256=73cba041477afcac92ff383fcbdec195ea28d96b994876d1deaa944d18f91786
  googleapis-common-protos-types (1.22.0) sha256=f97492b77bd6da0018c860d5004f512fe7cd165554d7019a8f4df6a56fbfc4c7
  grpc (1.76.0-arm64-darwin) sha256=c23f30c2e6a51bb75d8f617b028453e66e09665d8bf571d99c7be1b1f9dd2b59
  grpc (1.76.0-x86_64-linux-gnu) sha256=1561c852903617acae0a9ef9011bcf313054ba65c5528519b002a9f6b4d5c024
  io-console (0.8.2) sha256=d6e3ae7a7cc7574f4b8893b4fca2162e57a825b223a177b7afa236c5ef9814cc
  json (2.18.0) sha256=b10506aee4183f5cf49e0efc48073d7b75843ce3782c68dbeb763351c08fd505
  jwt (3.1.2) sha256=af6991f19a6bb4060d618d9add7a66f0eeb005ac0bc017cd01f63b42e122d535
  language_server-protocol (3.17.0.5) sha256=fd1e39a51a28bf3eec959379985a72e296e9f9acfce46f6a79d31ca8760803cc
  lint_roller (1.1.0) sha256=2c0c845b632a7d172cb849cc90c1bce937a28c5c8ccccb50dfd46a485003cc87
  method_source (1.1.0) sha256=181301c9c45b731b4769bc81e8860e72f9161ad7d66dd99103c9ab84f560f5c5
  openssl (4.0.0) sha256=185711ed93d4e9c9a9db6efea7edb202dfe04f7d3692fbab988e3d84e498ee91
  parallel (1.27.0) sha256=4ac151e1806b755fb4e2dc2332cbf0e54f2e24ba821ff2d3dcf86bf6dc4ae130
  parser (3.3.10.0) sha256=ce3587fa5cc55a88c4ba5b2b37621b3329aadf5728f9eafa36bbd121462aabd6
  prism (1.7.0) sha256=10062f734bf7985c8424c44fac382ac04a58124ea3d220ec3ba9fe4f2da65103
  pry (0.16.0) sha256=d76c69065698ed1f85e717bd33d7942c38a50868f6b0673c636192b3d1b6054e
  racc (1.8.1) sha256=4a7f6929691dbec8b5209a0b373bc2614882b55fc5d2e447a21aaa691303d62f
  rainbow (3.1.1) sha256=039491aa3a89f42efa1d6dec2fc4e62ede96eb6acd95e52f1ad581182b79bc6a
  rake (13.3.1) sha256=8c9e89d09f66a26a01264e7e3480ec0607f0c497a861ef16063604b1b08eb19c
  regexp_parser (2.11.3) sha256=ca13f381a173b7a93450e53459075c9b76a10433caadcb2f1180f2c741fc55a4
  reline (0.6.3) sha256=1198b04973565b36ec0f11542ab3f5cfeeec34823f4e54cebde90968092b1835
  rspec (3.13.2) sha256=206284a08ad798e61f86d7ca3e376718d52c0bc944626b2349266f239f820587
  rspec-core (3.13.6) sha256=a8823c6411667b60a8bca135364351dda34cd55e44ff94c4be4633b37d828b2d
  rspec-expectations (3.13.5) sha256=33a4d3a1d95060aea4c94e9f237030a8f9eae5615e9bd85718fe3a09e4b58836
  rspec-mocks (3.13.7) sha256=0979034e64b1d7a838aaaddf12bf065ea4dc40ef3d4c39f01f93ae2c66c62b1c
  rspec-support (3.13.6) sha256=2e8de3702427eab064c9352fe74488cc12a1bfae887ad8b91cba480ec9f8afb2
  rubocop (1.81.7) sha256=6fb5cc298c731691e2a414fe0041a13eb1beed7bab23aec131da1bcc527af094
  rubocop-ast (1.49.0) sha256=49c3676d3123a0923d333e20c6c2dbaaae2d2287b475273fddee0c61da9f71fd
  rubocop-performance (1.26.1) sha256=cd19b936ff196df85829d264b522fd4f98b6c89ad271fa52744a8c11b8f71834
  rubocop-rake (0.7.1) sha256=3797f2b6810c3e9df7376c26d5f44f3475eda59eb1adc38e6f62ecf027cbae4d
  rubocop-rspec (3.8.0) sha256=28440dccb3f223a9938ca1f946bd3438275b8c6c156dab909e2cb8bc424cab33
  ruby-progressbar (1.13.0) sha256=80fc9c47a9b640d6834e0dc7b3c94c9df37f08cb072b7761e4a71e22cff29b33
  rubyzip (3.2.2) sha256=c0ed99385f0625415c8f05bcae33fe649ed2952894a95ff8b08f26ca57ea5b3c
  standard (1.52.0) sha256=ec050e63228e31fabe40da3ef96da7edda476f7acdf3e7c2ad47b6e153f6a076
  standard-custom (1.0.2) sha256=424adc84179a074f1a2a309bb9cf7cd6bfdb2b6541f20c6bf9436c0ba22a652b
  standard-performance (1.9.0) sha256=49483d31be448292951d80e5e67cdcb576c2502103c7b40aec6f1b6e9c88e3f2
  unicode-display_width (3.2.0) sha256=0cdd96b5681a5949cdbc2c55e7b420facae74c4aaf9a9815eee1087cb1853c42
  unicode-emoji (4.2.0) sha256=519e69150f75652e40bf736106cfbc8f0f73aa3fb6a65afe62fefa7f80b0f80f
  webrick (1.9.2) sha256=beb4a15fc474defed24a3bda4ffd88a490d517c9e4e6118c3edce59e45864131
  yard (0.9.38) sha256=721fb82afb10532aa49860655f6cc2eaa7130889df291b052e1e6b268283010f

BUNDLED WITH
  4.0.3
