PATH
  remote: .
  specs:
    cerbos (0.13.0)
      concurrent-ruby (~> 1.2)
      google-protobuf (>= 3.25, < 5.0)
      grpc (~> 1.61)

GEM
  remote: https://rubygems.org/
  specs:
    ast (2.4.3)
    base64 (0.3.0)
    bigdecimal (4.1.2)
    commonmarker (2.8.3)
      rb_sys (~> 0.9)
    commonmarker (2.8.3-aarch64-linux)
    commonmarker (2.8.3-aarch64-linux-musl)
    commonmarker (2.8.3-arm64-darwin)
    commonmarker (2.8.3-x86_64-darwin)
    commonmarker (2.8.3-x86_64-linux)
    commonmarker (2.8.3-x86_64-linux-musl)
    concurrent-ruby (1.3.7)
    diff-lcs (1.6.2)
    dotenv (3.2.0)
    erb (6.0.4)
    google-protobuf (4.35.1)
      bigdecimal
      rake (~> 13.3)
    google-protobuf (4.35.1-aarch64-linux-gnu)
      bigdecimal
      rake (~> 13.3)
    google-protobuf (4.35.1-aarch64-linux-musl)
      bigdecimal
      rake (~> 13.3)
    google-protobuf (4.35.1-arm64-darwin)
      bigdecimal
      rake (~> 13.3)
    google-protobuf (4.35.1-x86-linux-gnu)
      bigdecimal
      rake (~> 13.3)
    google-protobuf (4.35.1-x86-linux-musl)
      bigdecimal
      rake (~> 13.3)
    google-protobuf (4.35.1-x86_64-darwin)
      bigdecimal
      rake (~> 13.3)
    google-protobuf (4.35.1-x86_64-linux-gnu)
      bigdecimal
      rake (~> 13.3)
    google-protobuf (4.35.1-x86_64-linux-musl)
      bigdecimal
      rake (~> 13.3)
    googleapis-common-protos-types (1.23.0)
      google-protobuf (~> 4.26)
    grpc (1.82.0)
      google-protobuf (>= 3.25, < 5.0)
      googleapis-common-protos-types (~> 1.0)
    grpc (1.82.0-aarch64-linux-gnu)
      google-protobuf (>= 3.25, < 5.0)
      googleapis-common-protos-types (~> 1.0)
    grpc (1.82.0-aarch64-linux-musl)
      google-protobuf (>= 3.25, < 5.0)
      googleapis-common-protos-types (~> 1.0)
    grpc (1.82.0-arm64-darwin)
      google-protobuf (>= 3.25, < 5.0)
      googleapis-common-protos-types (~> 1.0)
    grpc (1.82.0-x86-linux-gnu)
      google-protobuf (>= 3.25, < 5.0)
      googleapis-common-protos-types (~> 1.0)
    grpc (1.82.0-x86-linux-musl)
      google-protobuf (>= 3.25, < 5.0)
      googleapis-common-protos-types (~> 1.0)
    grpc (1.82.0-x86_64-darwin)
      google-protobuf (>= 3.25, < 5.0)
      googleapis-common-protos-types (~> 1.0)
    grpc (1.82.0-x86_64-linux-gnu)
      google-protobuf (>= 3.25, < 5.0)
      googleapis-common-protos-types (~> 1.0)
    grpc (1.82.0-x86_64-linux-musl)
      google-protobuf (>= 3.25, < 5.0)
      googleapis-common-protos-types (~> 1.0)
    io-console (0.8.2)
    irb (1.18.0)
      pp (>= 0.6.0)
      prism (>= 1.3.0)
      rdoc (>= 4.0.0)
      reline (>= 0.4.2)
    json (2.20.0)
    jwt (3.2.0)
      base64
    language_server-protocol (3.17.0.6)
    lint_roller (1.1.0)
    logger (1.7.0)
    openssl (4.0.2)
    parallel (2.1.0)
    parser (3.3.11.1)
      ast (~> 2.4.1)
      racc
    pp (0.6.4)
      prettyprint
    prettyprint (0.2.0)
    prism (1.9.0)
    racc (1.8.1)
    rainbow (3.1.1)
    rake (13.4.2)
    rake-compiler-dock (1.12.0)
    rb_sys (0.9.128)
      rake-compiler-dock (= 1.12.0)
    rbs (4.0.3)
      logger
      prism (>= 1.6.0)
      tsort
    rdoc (8.0.0)
      erb
      prism (>= 1.6.0)
      rbs (>= 4.0.0)
      tsort
    regexp_parser (2.12.0)
    reline (0.6.3)
      io-console (~> 0.5)
    rspec (3.13.2)
      rspec-core (~> 3.13.0)
      rspec-expectations (~> 3.13.0)
      rspec-mocks (~> 3.13.0)
    rspec-core (3.13.6)
      rspec-support (~> 3.13.0)
    rspec-expectations (3.13.5)
      diff-lcs (>= 1.2.0, < 2.0)
      rspec-support (~> 3.13.0)
    rspec-mocks (3.13.8)
      diff-lcs (>= 1.2.0, < 2.0)
      rspec-support (~> 3.13.0)
    rspec-support (3.13.7)
    rubocop (1.87.0)
      json (~> 2.3)
      language_server-protocol (~> 3.17.0.2)
      lint_roller (~> 1.1.0)
      parallel (>= 1.10)
      parser (>= 3.3.0.2)
      rainbow (>= 2.2.2, < 4.0)
      regexp_parser (>= 2.9.3, < 3.0)
      rubocop-ast (>= 1.49.0, < 2.0)
      ruby-progressbar (~> 1.7)
      unicode-display_width (>= 2.4.0, < 4.0)
    rubocop-ast (1.50.0)
      parser (>= 3.3.7.2)
      prism (~> 1.7)
    rubocop-performance (1.26.1)
      lint_roller (~> 1.1)
      rubocop (>= 1.75.0, < 2.0)
      rubocop-ast (>= 1.47.1, < 2.0)
    rubocop-rake (0.7.1)
      lint_roller (~> 1.1)
      rubocop (>= 1.72.1)
    rubocop-rspec (3.10.2)
      lint_roller (~> 1.1)
      regexp_parser (>= 2.0)
      rubocop (~> 1.86, >= 1.86.2)
    ruby-progressbar (1.13.0)
    rubyzip (3.4.1)
    standard (1.55.0)
      language_server-protocol (~> 3.17.0.2)
      lint_roller (~> 1.0)
      rubocop (~> 1.87.0)
      standard-custom (~> 1.0.0)
      standard-performance (~> 1.8)
    standard-custom (1.0.2)
      lint_roller (~> 1.0)
      rubocop (~> 1.50)
    standard-performance (1.9.0)
      lint_roller (~> 1.1)
      rubocop-performance (~> 1.26.0)
    tsort (0.2.0)
    unicode-display_width (3.2.0)
      unicode-emoji (~> 4.1)
    unicode-emoji (4.2.0)
    webrick (1.9.2)
    yard (0.9.44)

PLATFORMS
  aarch64-linux-gnu
  aarch64-linux-musl
  arm64-darwin
  ruby
  x86-linux-gnu
  x86-linux-musl
  x86_64-darwin
  x86_64-linux-gnu
  x86_64-linux-musl

DEPENDENCIES
  cerbos!
  commonmarker
  dotenv
  irb
  jwt
  openssl
  parallel
  rake
  rspec
  rubocop-rake
  rubocop-rspec
  rubyzip
  standard
  webrick
  yard

CHECKSUMS
  ast (2.4.3) sha256=954615157c1d6a382bc27d690d973195e79db7f55e9765ac7c481c60bdb4d383
  base64 (0.3.0) sha256=27337aeabad6ffae05c265c450490628ef3ebd4b67be58257393227588f5a97b
  bigdecimal (4.1.2) sha256=53d217666027eab4280346fba98e7d5b66baaae1b9c3c1c0ffe89d48188a3fbd
  bundler (4.0.14) sha256=d09a0a965cf772266a7e49e83610be7c2f4e49e61134c42a56804bb383cc24b8
  cerbos (0.13.0)
  commonmarker (2.8.3) sha256=711abde5015289f657b28a4edadd77d14f2c898d824595be6cd7018664cc8d7a
  commonmarker (2.8.3-aarch64-linux) sha256=e1dc00363acc6795cdbf4f5131d9daef4e3ca08102f9a7577ea47d9ba4d4b7d6
  commonmarker (2.8.3-aarch64-linux-musl) sha256=362302bf9b7520e9c0527f4c1a428c6c14d530361b982ae86ad670c29a2cb0dc
  commonmarker (2.8.3-arm64-darwin) sha256=ee2e8b00530f7c95acdee7717d8c47f419f3eab78127ea0ef19b6739a148d5ba
  commonmarker (2.8.3-x86_64-darwin) sha256=8ecfee9d2c4768b9f66eafcf9fba82b91495f90f7d4242d0a85f6266684591f3
  commonmarker (2.8.3-x86_64-linux) sha256=8b78d99ed454346a488988b2ac530e88a98b44f116fb9db19a5b2d5c46c67f83
  commonmarker (2.8.3-x86_64-linux-musl) sha256=0a42f71205697edf8a488b50b6209b9cee882c39f8b18ac0a323be83ff17b250
  concurrent-ruby (1.3.7) sha256=4412caec3a5ea2e5fdc52076724c071a81f2c0593d83b2ac8cbb8ca63b3151b0
  diff-lcs (1.6.2) sha256=9ae0d2cba7d4df3075fe8cd8602a8604993efc0dfa934cff568969efb1909962
  dotenv (3.2.0) sha256=e375b83121ea7ca4ce20f214740076129ab8514cd81378161f11c03853fe619d
  erb (6.0.4) sha256=38e3803694be357fe2bfe312487c74beaf9fb4e5beb3e22498952fe1645b95d9
  google-protobuf (4.35.1) sha256=a3a6471331d918f58dfa4d014a8f6286f0af2cf4840216bde52fcf2ea3fe3726
  google-protobuf (4.35.1-aarch64-linux-gnu) sha256=50ca44d0eeff3f8475e630a1accdd974256f3510694d574e2c9d6119ea8bc9e1
  google-protobuf (4.35.1-aarch64-linux-musl) sha256=d5c65cef6bd6498a9e5ed5f88cf6cf7e341c10b0a005e32137d5d1a2b6e8c18a
  google-protobuf (4.35.1-arm64-darwin) sha256=d9c957df04fa89c749fa9a72a7b383eb4296efc9b2303dc6fd6fbe39c698ad6b
  google-protobuf (4.35.1-x86-linux-gnu) sha256=cc7492566b27ad8b5dfa3a7b6f9b11e905050cc53c2fa8ff22de375a9e7a70fb
  google-protobuf (4.35.1-x86-linux-musl) sha256=ab403790b59e4dc588ffbed1eaacf05d4ca2f0d12ac9c13d6c64e69380d8c99e
  google-protobuf (4.35.1-x86_64-darwin) sha256=66b62b4df00931018a692806df66393efa960d6d2b7da69735187249f950d3ee
  google-protobuf (4.35.1-x86_64-linux-gnu) sha256=c786439087512a3fbd199e9897d265b855f951d4027e218ea55e858d45969edd
  google-protobuf (4.35.1-x86_64-linux-musl) sha256=91890eb0002934a339fdb7d77a147c46b7474b6799db27872b747b905837f744
  googleapis-common-protos-types (1.23.0) sha256=992e740a523794d9fc5f29a504465d8fc737aaa16c930fe7228e3346860faf0a
  grpc (1.82.0) sha256=9f7e6fca1b84c6b38687648bf22b096bf379a694d6f6829e181916d87ed507cc
  grpc (1.82.0-aarch64-linux-gnu) sha256=cadab07ba458603492dabbdd4aea8ed69e7e1b6f88c4d82ebdfa290d225c1bd5
  grpc (1.82.0-aarch64-linux-musl) sha256=202e01b51335abc33e0701324d161522c706915c0f0e1fd8d6f4145a68e9f5da
  grpc (1.82.0-arm64-darwin) sha256=c5b142a3d715cdc635df16a756bf357b1dc24739833387ba00b76d5e462f9b0a
  grpc (1.82.0-x86-linux-gnu) sha256=cddc27ab746e27d0ec901bf23540ebff27b89127cfa40dd9d98361fa6ee84083
  grpc (1.82.0-x86-linux-musl) sha256=c483380e49b22d92233f178011e6eeb89e9af63cf5291edd85c0d5adb8824418
  grpc (1.82.0-x86_64-darwin) sha256=e364496220953964304b4c2caca07a33dae021d1f01e3125f60551a1d46703d8
  grpc (1.82.0-x86_64-linux-gnu) sha256=f12d54f47e96c34778dbca89b9955a8b2d662c1631ac1b4e47dd5f2dd8fadea2
  grpc (1.82.0-x86_64-linux-musl) sha256=d90e43052603d4afcdaca7225bde1b7cd8100a0866e93493da1dc730821474a5
  io-console (0.8.2) sha256=d6e3ae7a7cc7574f4b8893b4fca2162e57a825b223a177b7afa236c5ef9814cc
  irb (1.18.0) sha256=de9454a0703a54704b9811a5ef31a60c86949fbf4013fcf244fabc7c775248e3
  json (2.20.0) sha256=9362bc6e55a952b056abf9167cf053358181c904cb70cd6eee0808ea830fc32b
  jwt (3.2.0) sha256=5419b1fe37b1da0982bd07051f573a8b8789ab724c2aa7e785e4784a3ed217d7
  language_server-protocol (3.17.0.6) sha256=5ef2c0c138f8267e1bc631d3328347d354f96724b0af22f2c79516120443b7f0
  lint_roller (1.1.0) sha256=2c0c845b632a7d172cb849cc90c1bce937a28c5c8ccccb50dfd46a485003cc87
  logger (1.7.0) sha256=196edec7cc44b66cfb40f9755ce11b392f21f7967696af15d274dde7edff0203
  openssl (4.0.2) sha256=1037ad2868ae58df9ad917891c0c0f9815a1172f6846d4bcdd508e4c2ee747c2
  parallel (2.1.0) sha256=b35258865c2e31134c5ecb708beaaf6772adf9d5efae28e93e99260877b09356
  parser (3.3.11.1) sha256=d17ace7aabe3e72c3cc94043714be27cc6f852f104d81aa284c2281aecc65d54
  pp (0.6.4) sha256=dfcb0fce700c41456265922884f9fe195d7fbb0674a3578e6c0f69588e82b570
  prettyprint (0.2.0) sha256=2bc9e15581a94742064a3cc8b0fb9d45aae3d03a1baa6ef80922627a0766f193
  prism (1.9.0) sha256=7b530c6a9f92c24300014919c9dcbc055bf4cdf51ec30aed099b06cd6674ef85
  racc (1.8.1) sha256=4a7f6929691dbec8b5209a0b373bc2614882b55fc5d2e447a21aaa691303d62f
  rainbow (3.1.1) sha256=039491aa3a89f42efa1d6dec2fc4e62ede96eb6acd95e52f1ad581182b79bc6a
  rake (13.4.2) sha256=cb825b2bd5f1f8e91ca37bddb4b9aaf345551b4731da62949be002fa89283701
  rake-compiler-dock (1.12.0) sha256=f13205c2738f3d2053afcd03491a9e4541b22a59a0bfc53fc8bc883bd8188023
  rb_sys (0.9.128) sha256=9ab81f4d6d4e1895de18762232362d1264475aa7035756b50441e442130538fd
  rbs (4.0.3) sha256=5a7bf70e2628549d9a1f44eae447b2cfe55968a9c60cfff52693a4bdcc020e14
  rdoc (8.0.0) sha256=03bf8c08a9639658855a0cfd77c0abca8325c227693f7f33f82957811348c469
  regexp_parser (2.12.0) sha256=35a916a1d63190ab5c9009457136ae5f3c0c7512d60291d0d1378ba18ce08ebb
  reline (0.6.3) sha256=1198b04973565b36ec0f11542ab3f5cfeeec34823f4e54cebde90968092b1835
  rspec (3.13.2) sha256=206284a08ad798e61f86d7ca3e376718d52c0bc944626b2349266f239f820587
  rspec-core (3.13.6) sha256=a8823c6411667b60a8bca135364351dda34cd55e44ff94c4be4633b37d828b2d
  rspec-expectations (3.13.5) sha256=33a4d3a1d95060aea4c94e9f237030a8f9eae5615e9bd85718fe3a09e4b58836
  rspec-mocks (3.13.8) sha256=086ad3d3d17533f4237643de0b5c42f04b66348c28bf6b9c2d3f4a3b01af1d47
  rspec-support (3.13.7) sha256=0640e5570872aafefd79867901deeeeb40b0c9875a36b983d85f54fb7381c47c
  rubocop (1.87.0) sha256=b9d9ddf55116a513f8ef2c7ae660662d8b49301f118d3f0df61865b33a5c188d
  rubocop-ast (1.50.0) sha256=b9ca88300da0803ee222ad20cdb30494c0a784eed06fdc35d254b06d662788db
  rubocop-performance (1.26.1) sha256=cd19b936ff196df85829d264b522fd4f98b6c89ad271fa52744a8c11b8f71834
  rubocop-rake (0.7.1) sha256=3797f2b6810c3e9df7376c26d5f44f3475eda59eb1adc38e6f62ecf027cbae4d
  rubocop-rspec (3.10.2) sha256=0b3e2ecc592cd10ecbf0095bb58d1e357905276e069643523cc19eb7495f65e2
  ruby-progressbar (1.13.0) sha256=80fc9c47a9b640d6834e0dc7b3c94c9df37f08cb072b7761e4a71e22cff29b33
  rubyzip (3.4.1) sha256=0a79e745b5c25872ebd148457df5665da8530ed8626c993b01457128f173ca02
  standard (1.55.0) sha256=8a8f2c3e681a4db3aafde1b301561b0f3d7c5f06c160167cb744a4d7baf0426e
  standard-custom (1.0.2) sha256=424adc84179a074f1a2a309bb9cf7cd6bfdb2b6541f20c6bf9436c0ba22a652b
  standard-performance (1.9.0) sha256=49483d31be448292951d80e5e67cdcb576c2502103c7b40aec6f1b6e9c88e3f2
  tsort (0.2.0) sha256=9650a793f6859a43b6641671278f79cfead60ac714148aabe4e3f0060480089f
  unicode-display_width (3.2.0) sha256=0cdd96b5681a5949cdbc2c55e7b420facae74c4aaf9a9815eee1087cb1853c42
  unicode-emoji (4.2.0) sha256=519e69150f75652e40bf736106cfbc8f0f73aa3fb6a65afe62fefa7f80b0f80f
  webrick (1.9.2) sha256=beb4a15fc474defed24a3bda4ffd88a490d517c9e4e6118c3edce59e45864131
  yard (0.9.44) sha256=eb087e9b631ccd887b049f303d489963945452d5e2a7eb49a5a74a7cf6887f28

BUNDLED WITH
  4.0.14
